{
  "version": "5",
  "specifiers": {
    "jsr:@std/collections@^1.1.3": "1.1.6",
    "jsr:@std/toml@^1.0.11": "1.0.11"
  },
  "jsr": {
    "@std/collections@1.1.6": {
      "integrity": "b458160ce65ea5ad35da05d0a5cbee4b583677c8b443a10d7beb0c4ac63f2baa"
    },
    "@std/toml@1.0.11": {
      "integrity": "e084988b872ca4bad6aedfb7350f6eeed0e8ba88e9ee5e1590621c5b5bb8f715",
      "dependencies": [
        "jsr:@std/collections"
      ]
    }
  },
  "workspace": {
    "dependencies": [
      "jsr:@std/toml@^1.0.11"
    ]
  }
}
